
Microsoft Visual Studio Solution File, Format Version 12.00
# Visual Studio Version 16
VisualStudioVersion = 16.0.31005.135
MinimumVisualStudioVersion = 10.0.40219.1
Project("{FAE04EC0-301F-11D3-BF4B-00C04F79EFBC}") = "Client", "Client\Client.csproj", "{FB155109-38DD-4BBF-9210-BB481D2BF733}"
EndProject
Project("{FAE04EC0-301F-11D3-BF4B-00C04F79EFBC}") = "Server", "Server\Server.csproj", "{0F77FA20-18A8-45CA-986C-A95F7448E8C1}"
EndProject
Global
	GlobalSection(SolutionConfigurationPlatforms) = preSolution
		Debug|Any CPU = Debug|Any CPU
		Release|Any CPU = Release|Any CPU
	EndGlobalSection
	GlobalSection(ProjectConfigurationPlatforms) = postSolution
		{FB155109-38DD-4BBF-9210-BB481D2BF733}.Debug|Any CPU.ActiveCfg = Debug|Any CPU
		{FB155109-38DD-4BBF-9210-BB481D2BF733}.Debug|Any CPU.Build.0 = Debug|Any CPU
		{FB155109-38DD-4BBF-9210-BB481D2BF733}.Release|Any CPU.ActiveCfg = Release|Any CPU
		{FB155109-38DD-4BBF-9210-BB481D2BF733}.Release|Any CPU.Build.0 = Release|Any CPU
		{0F77FA20-18A8-45CA-986C-A95F7448E8C1}.Debug|Any CPU.ActiveCfg = Debug|Any CPU
		{0F77FA20-18A8-45CA-986C-A95F7448E8C1}.Debug|Any CPU.Build.0 = Debug|Any CPU
		{0F77FA20-18A8-45CA-986C-A95F7448E8C1}.Release|Any CPU.ActiveCfg = Release|Any CPU
		{0F77FA20-18A8-45CA-986C-A95F7448E8C1}.Release|Any CPU.Build.0 = Release|Any CPU
	EndGlobalSection
	GlobalSection(SolutionProperties) = preSolution
		HideSolutionNode = FALSE
	EndGlobalSection
	GlobalSection(ExtensibilityGlobals) = postSolution
		SolutionGuid = {9CAA089B-19C1-4886-9D07-E44BE684EE92}
	EndGlobalSection
EndGlobal
